
Microsoft Visual Studio Solution File, Format Version 12.00
# Visual Studio 2012
Project("{FAE04EC0-301F-11D3-BF4B-00C04F79EFBC}") = "RobinScript", "RobinScript\RobinScript.csproj", "{96B01B4A-3AEB-4114-8D9E-00283E6BFD63}"
EndProject
Global
	GlobalSection(SolutionConfigurationPlatforms) = preSolution
		Debug|Any CPU = Debug|Any CPU
		Release|Any CPU = Release|Any CPU
	EndGlobalSection
	GlobalSection(ProjectConfigurationPlatforms) = postSolution
		{96B01B4A-3AEB-4114-8D9E-00283E6BFD63}.Debug|Any CPU.ActiveCfg = Debug|Any CPU
		{96B01B4A-3AEB-4114-8D9E-00283E6BFD63}.Debug|Any CPU.Build.0 = Debug|Any CPU
		{96B01B4A-3AEB-4114-8D9E-00283E6BFD63}.Release|Any CPU.ActiveCfg = Release|Any CPU
		{96B01B4A-3AEB-4114-8D9E-00283E6BFD63}.Release|Any CPU.Build.0 = Release|Any CPU
	EndGlobalSection
	GlobalSection(SolutionProperties) = preSolution
		HideSolutionNode = FALSE
	EndGlobalSection
EndGlobal
